{
  "name": "website",
  "lockfileVersion": 2,
  "requires": true,
  "packages": {
    "": {
      "dependencies": {
        "@fortawesome/free-solid-svg-icons": "^6.5.1"
      }
    },
    "node_modules/@fortawesome/fontawesome-common-types": {
      "version": "6.5.1",
      "resolved": "https://registry.npmjs.org/@fortawesome/fontawesome-common-types/-/fontawesome-common-types-6.5.1.tgz",
      "integrity": "sha512-GkWzv+L6d2bI5f/Vk6ikJ9xtl7dfXtoRu3YGE6nq0p/FFqA1ebMOAWg3XgRyb0I6LYyYkiAo+3/KrwuBp8xG7A==",
      "hasInstallScript": true,
      "engines": {
        "node": ">=6"
      }
    },
    "node_modules/@fortawesome/free-solid-svg-icons": {
      "version": "6.5.1",
      "resolved": "https://registry.npmjs.org/@fortawesome/free-solid-svg-icons/-/free-solid-svg-icons-6.5.1.tgz",
      "integrity": "sha512-S1PPfU3mIJa59biTtXJz1oI0+KAXW6bkAb31XKhxdxtuXDiUIFsih4JR1v5BbxY7hVHsD1RKq+jRkVRaf773NQ==",
      "hasInstallScript": true,
      "dependencies": {
        "@fortawesome/fontawesome-common-types": "6.5.1"
      },
      "engines": {
        "node": ">=6"
      }
    }
  },
  "dependencies": {
    "@fortawesome/fontawesome-common-types": {
      "version": "6.5.1",
      "resolved": "https://registry.npmjs.org/@fortawesome/fontawesome-common-types/-/fontawesome-common-types-6.5.1.tgz",
      "integrity": "sha512-GkWzv+L6d2bI5f/Vk6ikJ9xtl7dfXtoRu3YGE6nq0p/FFqA1ebMOAWg3XgRyb0I6LYyYkiAo+3/KrwuBp8xG7A=="
    },
    "@fortawesome/free-solid-svg-icons": {
      "version": "6.5.1",
      "resolved": "https://registry.npmjs.org/@fortawesome/free-solid-svg-icons/-/free-solid-svg-icons-6.5.1.tgz",
      "integrity": "sha512-S1PPfU3mIJa59biTtXJz1oI0+KAXW6bkAb31XKhxdxtuXDiUIFsih4JR1v5BbxY7hVHsD1RKq+jRkVRaf773NQ==",
      "requires": {
        "@fortawesome/fontawesome-common-types": "6.5.1"
      }
    }
  }
}
